
Microsoft Visual Studio Solution File, Format Version 12.00
# Visual Studio Version 16
VisualStudioVersion = 16.0.30804.86
MinimumVisualStudioVersion = 10.0.40219.1
Project("{FAE04EC0-301F-11D3-BF4B-00C04F79EFBC}") = "bubbleSorting1Try", "bubbleSorting1Try\bubbleSorting1Try.csproj", "{55F7556C-2F23-4C76-BDD9-0E25853BE9D0}"
EndProject
Global
	GlobalSection(SolutionConfigurationPlatforms) = preSolution
		Debug|Any CPU = Debug|Any CPU
		Release|Any CPU = Release|Any CPU
	EndGlobalSection
	GlobalSection(ProjectConfigurationPlatforms) = postSolution
		{55F7556C-2F23-4C76-BDD9-0E25853BE9D0}.Debug|Any CPU.ActiveCfg = Debug|Any CPU
		{55F7556C-2F23-4C76-BDD9-0E25853BE9D0}.Debug|Any CPU.Build.0 = Debug|Any CPU
		{55F7556C-2F23-4C76-BDD9-0E25853BE9D0}.Release|Any CPU.ActiveCfg = Release|Any CPU
		{55F7556C-2F23-4C76-BDD9-0E25853BE9D0}.Release|Any CPU.Build.0 = Release|Any CPU
	EndGlobalSection
	GlobalSection(SolutionProperties) = preSolution
		HideSolutionNode = FALSE
	EndGlobalSection
	GlobalSection(ExtensibilityGlobals) = postSolution
		SolutionGuid = {984F6201-A3CB-4596-BAE9-5EE85C6507B8}
	EndGlobalSection
EndGlobal
